{
    "_meta": {
        "hash": {
            "sha256": "6f72936db42cbc698f5c3e5e2d8e0676042ca0003383db10cd24a8c3a612c687"
        },
        "pipfile-spec": 6,
        "requires": {
            "python_version": "3.6"
        },
        "sources": [
            {
                "name": "pypi",
                "url": "https://pypi.org/simple",
                "verify_ssl": true
            }
        ]
    },
    "default": {},
    "develop": {
        "pyotp": {
            "hashes": [
                "sha256:1e3dc3d16919c4efac528d1dbecc17de1a97c4ecfdacb89d7726ed2c6645adff",
                "sha256:be0ffeabddaa5ee53e7204e7740da842d070cf69168247a3d0c08541b84de602"
            ],
            "index": "pypi",
            "version": "==2.2.7"
        }
    }
}
